
Microsoft Visual Studio Solution File, Format Version 12.00
# Visual Studio 15
VisualStudioVersion = 15.0.27130.2026
MinimumVisualStudioVersion = 10.0.40219.1
Project("{2150E333-8FDC-42A3-9474-1A3956D46DE8}") = "Business", "Business", "{15A04A39-DDE7-4B5C-841E-AFB254AD3643}"
EndProject
Project("{2150E333-8FDC-42A3-9474-1A3956D46DE8}") = "Model", "Model", "{E1EFAA62-B7BA-4FFE-AC4A-D5868CCC6E67}"
EndProject
Project("{2150E333-8FDC-42A3-9474-1A3956D46DE8}") = "Presentation", "Presentation", "{5425C952-B677-4030-83DF-865BF15ECA7B}"
EndProject
Project("{9A19103F-16F7-4668-BE54-9A1E7A4F7556}") = "WolterKluwer.POS.Terminal.Business", "WolterKluwer.POS.Terminal.Business\WolterKluwer.POS.Terminal.Business.csproj", "{C9ED4654-DC4A-4CAA-8F3F-A7C5DC9D5B7D}"
EndProject
Project("{9A19103F-16F7-4668-BE54-9A1E7A4F7556}") = "WolterKluwer.POS.Terminal.Entities", "WolterKluwer.POS.Terminal.Entities\WolterKluwer.POS.Terminal.Entities.csproj", "{2AE9837E-154D-45D7-B3AF-FEBB4DE79B9F}"
EndProject
Project("{9A19103F-16F7-4668-BE54-9A1E7A4F7556}") = "WolterKluwer.POS.Terminal.Console", "WolterKluwer.POS.Terminal.Console\WolterKluwer.POS.Terminal.Console.csproj", "{87E5D5CB-8433-4EC7-821C-3723DAA9F2C1}"
EndProject
Project("{2150E333-8FDC-42A3-9474-1A3956D46DE8}") = "Utilities", "Utilities", "{AFD5FFCD-6991-417D-BB42-FEB8F0DEEB4B}"
EndProject
Project("{9A19103F-16F7-4668-BE54-9A1E7A4F7556}") = "WolterKluwer.POS.Terminal.Utilities", "WolterKluwer.POS.Terminal.Utilities\WolterKluwer.POS.Terminal.Utilities.csproj", "{9C81AF42-6ED4-41EC-8BAA-2423439645AB}"
EndProject
Project("{2150E333-8FDC-42A3-9474-1A3956D46DE8}") = "Test", "Test", "{576117D7-FB51-4126-A411-FA43E3B45ED1}"
EndProject
Project("{FAE04EC0-301F-11D3-BF4B-00C04F79EFBC}") = "WolterKluwer.POS.Terminal.Test", "WolterKluwer.POS.Terminal.Test\WolterKluwer.POS.Terminal.Test.csproj", "{1A891DA6-61E3-4BA1-A8B8-C5825F5D6124}"
EndProject
Project("{2150E333-8FDC-42A3-9474-1A3956D46DE8}") = "API", "API", "{C4312912-E1A7-4515-8B1A-AC275736307C}"
EndProject
Project("{FAE04EC0-301F-11D3-BF4B-00C04F79EFBC}") = "WolterKluwer.POS.Terminal.API", "WolterKluwer.POS.Terminal.API\WolterKluwer.POS.Terminal.API.csproj", "{5910B387-9AB4-400B-B746-F57FB06B7AA8}"
EndProject
Global
	GlobalSection(SolutionConfigurationPlatforms) = preSolution
		Debug|Any CPU = Debug|Any CPU
		Release|Any CPU = Release|Any CPU
	EndGlobalSection
	GlobalSection(ProjectConfigurationPlatforms) = postSolution
		{C9ED4654-DC4A-4CAA-8F3F-A7C5DC9D5B7D}.Debug|Any CPU.ActiveCfg = Debug|Any CPU
		{C9ED4654-DC4A-4CAA-8F3F-A7C5DC9D5B7D}.Debug|Any CPU.Build.0 = Debug|Any CPU
		{C9ED4654-DC4A-4CAA-8F3F-A7C5DC9D5B7D}.Release|Any CPU.ActiveCfg = Release|Any CPU
		{C9ED4654-DC4A-4CAA-8F3F-A7C5DC9D5B7D}.Release|Any CPU.Build.0 = Release|Any CPU
		{2AE9837E-154D-45D7-B3AF-FEBB4DE79B9F}.Debug|Any CPU.ActiveCfg = Debug|Any CPU
		{2AE9837E-154D-45D7-B3AF-FEBB4DE79B9F}.Debug|Any CPU.Build.0 = Debug|Any CPU
		{2AE9837E-154D-45D7-B3AF-FEBB4DE79B9F}.Release|Any CPU.ActiveCfg = Release|Any CPU
		{2AE9837E-154D-45D7-B3AF-FEBB4DE79B9F}.Release|Any CPU.Build.0 = Release|Any CPU
		{87E5D5CB-8433-4EC7-821C-3723DAA9F2C1}.Debug|Any CPU.ActiveCfg = Debug|Any CPU
		{87E5D5CB-8433-4EC7-821C-3723DAA9F2C1}.Debug|Any CPU.Build.0 = Debug|Any CPU
		{87E5D5CB-8433-4EC7-821C-3723DAA9F2C1}.Release|Any CPU.ActiveCfg = Release|Any CPU
		{87E5D5CB-8433-4EC7-821C-3723DAA9F2C1}.Release|Any CPU.Build.0 = Release|Any CPU
		{9C81AF42-6ED4-41EC-8BAA-2423439645AB}.Debug|Any CPU.ActiveCfg = Debug|Any CPU
		{9C81AF42-6ED4-41EC-8BAA-2423439645AB}.Debug|Any CPU.Build.0 = Debug|Any CPU
		{9C81AF42-6ED4-41EC-8BAA-2423439645AB}.Release|Any CPU.ActiveCfg = Release|Any CPU
		{9C81AF42-6ED4-41EC-8BAA-2423439645AB}.Release|Any CPU.Build.0 = Release|Any CPU
		{1A891DA6-61E3-4BA1-A8B8-C5825F5D6124}.Debug|Any CPU.ActiveCfg = Debug|Any CPU
		{1A891DA6-61E3-4BA1-A8B8-C5825F5D6124}.Debug|Any CPU.Build.0 = Debug|Any CPU
		{1A891DA6-61E3-4BA1-A8B8-C5825F5D6124}.Release|Any CPU.ActiveCfg = Release|Any CPU
		{1A891DA6-61E3-4BA1-A8B8-C5825F5D6124}.Release|Any CPU.Build.0 = Release|Any CPU
		{5910B387-9AB4-400B-B746-F57FB06B7AA8}.Debug|Any CPU.ActiveCfg = Debug|Any CPU
		{5910B387-9AB4-400B-B746-F57FB06B7AA8}.Debug|Any CPU.Build.0 = Debug|Any CPU
		{5910B387-9AB4-400B-B746-F57FB06B7AA8}.Release|Any CPU.ActiveCfg = Release|Any CPU
		{5910B387-9AB4-400B-B746-F57FB06B7AA8}.Release|Any CPU.Build.0 = Release|Any CPU
	EndGlobalSection
	GlobalSection(SolutionProperties) = preSolution
		HideSolutionNode = FALSE
	EndGlobalSection
	GlobalSection(NestedProjects) = preSolution
		{C9ED4654-DC4A-4CAA-8F3F-A7C5DC9D5B7D} = {15A04A39-DDE7-4B5C-841E-AFB254AD3643}
		{2AE9837E-154D-45D7-B3AF-FEBB4DE79B9F} = {E1EFAA62-B7BA-4FFE-AC4A-D5868CCC6E67}
		{87E5D5CB-8433-4EC7-821C-3723DAA9F2C1} = {5425C952-B677-4030-83DF-865BF15ECA7B}
		{9C81AF42-6ED4-41EC-8BAA-2423439645AB} = {AFD5FFCD-6991-417D-BB42-FEB8F0DEEB4B}
		{1A891DA6-61E3-4BA1-A8B8-C5825F5D6124} = {576117D7-FB51-4126-A411-FA43E3B45ED1}
		{5910B387-9AB4-400B-B746-F57FB06B7AA8} = {C4312912-E1A7-4515-8B1A-AC275736307C}
	EndGlobalSection
	GlobalSection(ExtensibilityGlobals) = postSolution
		SolutionGuid = {028FAFAF-C0DF-4AE3-999F-1D571F7B56F3}
	EndGlobalSection
EndGlobal
